// !$*UTF8*$!
{
	archiveVersion = 1;
	classes = {
	};
	objectVersion = 55;
	objects = {

/* Begin PBXBuildFile section */
		4572298427F5A545005E2F07 /* gameClass.swift in Sources */ = {isa = PBXBuildFile; fileRef = 4572298327F5A545005E2F07 /* gameClass.swift */; };
		4590874F27F8B955001DDE31 /* personnageClass.swift in Sources */ = {isa = PBXBuildFile; fileRef = 4590874E27F8B955001DDE31 /* personnageClass.swift */; };
		4590875127F8B978001DDE31 /* warriorClass.swift in Sources */ = {isa = PBXBuildFile; fileRef = 4590875027F8B978001DDE31 /* warriorClass.swift */; };
		4590875327F8B9A6001DDE31 /* magusClass.swift in Sources */ = {isa = PBXBuildFile; fileRef = 4590875227F8B9A6001DDE31 /* magusClass.swift */; };
		4590875527F8B9C0001DDE31 /* colossusClass.swift in Sources */ = {isa = PBXBuildFile; fileRef = 4590875427F8B9C0001DDE31 /* colossusClass.swift */; };
		4590875727F8B9DA001DDE31 /* dwarfClass.swift in Sources */ = {isa = PBXBuildFile; fileRef = 4590875627F8B9DA001DDE31 /* dwarfClass.swift */; };
		4590875927F8B9F1001DDE31 /* elfClass.swift in Sources */ = {isa = PBXBuildFile; fileRef = 4590875827F8B9F1001DDE31 /* elfClass.swift */; };
		459537B727F37426009F6C1C /* main.swift in Sources */ = {isa = PBXBuildFile; fileRef = 459537B627F37426009F6C1C /* main.swift */; };
		459537BF27F37CE2009F6C1C /* giantClass.swift in Sources */ = {isa = PBXBuildFile; fileRef = 459537BE27F37CE2009F6C1C /* giantClass.swift */; };
/* End PBXBuildFile section */

/* Begin PBXCopyFilesBuildPhase section */
		459537B127F37426009F6C1C /* CopyFiles */ = {
			isa = PBXCopyFilesBuildPhase;
			buildActionMask = 2147483647;
			dstPath = /usr/share/man/man1/;
			dstSubfolderSpec = 0;
			files = (
			);
			runOnlyForDeploymentPostprocessing = 1;
		};
/* End PBXCopyFilesBuildPhase section */

/* Begin PBXFileReference section */
		4572298327F5A545005E2F07 /* gameClass.swift */ = {isa = PBXFileReference; lastKnownFileType = sourcecode.swift; path = gameClass.swift; sourceTree = "<group>"; };
		4590874E27F8B955001DDE31 /* personnageClass.swift */ = {isa = PBXFileReference; lastKnownFileType = sourcecode.swift; path = personnageClass.swift; sourceTree = "<group>"; };
		4590875027F8B978001DDE31 /* warriorClass.swift */ = {isa = PBXFileReference; lastKnownFileType = sourcecode.swift; path = warriorClass.swift; sourceTree = "<group>"; };
		4590875227F8B9A6001DDE31 /* magusClass.swift */ = {isa = PBXFileReference; lastKnownFileType = sourcecode.swift; path = magusClass.swift; sourceTree = "<group>"; };
		4590875427F8B9C0001DDE31 /* colossusClass.swift */ = {isa = PBXFileReference; lastKnownFileType = sourcecode.swift; path = colossusClass.swift; sourceTree = "<group>"; };
		4590875627F8B9DA001DDE31 /* dwarfClass.swift */ = {isa = PBXFileReference; lastKnownFileType = sourcecode.swift; path = dwarfClass.swift; sourceTree = "<group>"; };
		4590875827F8B9F1001DDE31 /* elfClass.swift */ = {isa = PBXFileReference; lastKnownFileType = sourcecode.swift; path = elfClass.swift; sourceTree = "<group>"; };
		459537B327F37426009F6C1C /* Project2 */ = {isa = PBXFileReference; explicitFileType = "compiled.mach-o.executable"; includeInIndex = 0; path = Project2; sourceTree = BUILT_PRODUCTS_DIR; };
		459537B627F37426009F6C1C /* main.swift */ = {isa = PBXFileReference; lastKnownFileType = sourcecode.swift; path = main.swift; sourceTree = "<group>"; };
		459537BE27F37CE2009F6C1C /* giantClass.swift */ = {isa = PBXFileReference; lastKnownFileType = sourcecode.swift; path = giantClass.swift; sourceTree = "<group>"; };
/* End PBXFileReference section */

/* Begin PBXFrameworksBuildPhase section */
		459537B027F37426009F6C1C /* Frameworks */ = {
			isa = PBXFrameworksBuildPhase;
			buildActionMask = 2147483647;
			files = (
			);
			runOnlyForDeploymentPostprocessing = 0;
		};
/* End PBXFrameworksBuildPhase section */

/* Begin PBXGroup section */
		4590874D27F8B92E001DDE31 /* Class */ = {
			isa = PBXGroup;
			children = (
				4572298327F5A545005E2F07 /* gameClass.swift */,
				459537BE27F37CE2009F6C1C /* giantClass.swift */,
				4590874E27F8B955001DDE31 /* personnageClass.swift */,
				4590875027F8B978001DDE31 /* warriorClass.swift */,
				4590875227F8B9A6001DDE31 /* magusClass.swift */,
				4590875427F8B9C0001DDE31 /* colossusClass.swift */,
				4590875627F8B9DA001DDE31 /* dwarfClass.swift */,
				4590875827F8B9F1001DDE31 /* elfClass.swift */,
			);
			name = Class;
			sourceTree = "<group>";
		};
		459537AA27F37426009F6C1C = {
			isa = PBXGroup;
			children = (
				459537B527F37426009F6C1C /* Project2 */,
				459537B427F37426009F6C1C /* Products */,
			);
			sourceTree = "<group>";
		};
		459537B427F37426009F6C1C /* Products */ = {
			isa = PBXGroup;
			children = (
				459537B327F37426009F6C1C /* Project2 */,
			);
			name = Products;
			sourceTree = "<group>";
		};
		459537B527F37426009F6C1C /* Project2 */ = {
			isa = PBXGroup;
			children = (
				459537B627F37426009F6C1C /* main.swift */,
				4590874D27F8B92E001DDE31 /* Class */,
			);
			path = Project2;
			sourceTree = "<group>";
		};
/* End PBXGroup section */

/* Begin PBXNativeTarget section */
		459537B227F37426009F6C1C /* Project2 */ = {
			isa = PBXNativeTarget;
			buildConfigurationList = 459537BA27F37426009F6C1C /* Build configuration list for PBXNativeTarget "Project2" */;
			buildPhases = (
				459537AF27F37426009F6C1C /* Sources */,
				459537B027F37426009F6C1C /* Frameworks */,
				459537B127F37426009F6C1C /* CopyFiles */,
			);
			buildRules = (
			);
			dependencies = (
			);
			name = Project2;
			productName = "Project2Mai,";
			productReference = 459537B327F37426009F6C1C /* Project2 */;
			productType = "com.apple.product-type.tool";
		};
/* End PBXNativeTarget section */

/* Begin PBXProject section */
		459537AB27F37426009F6C1C /* Project object */ = {
			isa = PBXProject;
			attributes = {
				BuildIndependentTargetsInParallel = 1;
				LastSwiftUpdateCheck = 1330;
				LastUpgradeCheck = 1330;
				TargetAttributes = {
					459537B227F37426009F6C1C = {
						CreatedOnToolsVersion = 13.3;
					};
				};
			};
			buildConfigurationList = 459537AE27F37426009F6C1C /* Build configuration list for PBXProject "Project2" */;
			compatibilityVersion = "Xcode 13.0";
			developmentRegion = en;
			hasScannedForEncodings = 0;
			knownRegions = (
				en,
				Base,
			);
			mainGroup = 459537AA27F37426009F6C1C;
			productRefGroup = 459537B427F37426009F6C1C /* Products */;
			projectDirPath = "";
			projectRoot = "";
			targets = (
				459537B227F37426009F6C1C /* Project2 */,
			);
		};
/* End PBXProject section */

/* Begin PBXSourcesBuildPhase section */
		459537AF27F37426009F6C1C /* Sources */ = {
			isa = PBXSourcesBuildPhase;
			buildActionMask = 2147483647;
			files = (
				4590875327F8B9A6001DDE31 /* magusClass.swift in Sources */,
				4590875527F8B9C0001DDE31 /* colossusClass.swift in Sources */,
				4590875927F8B9F1001DDE31 /* elfClass.swift in Sources */,
				4590875127F8B978001DDE31 /* warriorClass.swift in Sources */,
				4590874F27F8B955001DDE31 /* personnageClass.swift in Sources */,
				459537BF27F37CE2009F6C1C /* giantClass.swift in Sources */,
				4590875727F8B9DA001DDE31 /* dwarfClass.swift in Sources */,
				459537B727F37426009F6C1C /* main.swift in Sources */,
				4572298427F5A545005E2F07 /* gameClass.swift in Sources */,
			);
			runOnlyForDeploymentPostprocessing = 0;
		};
/* End PBXSourcesBuildPhase section */

/* Begin XCBuildConfiguration section */
		459537B827F37426009F6C1C /* Debug */ = {
			isa = XCBuildConfiguration;
			buildSettings = {
				ALWAYS_SEARCH_USER_PATHS = NO;
				CLANG_ANALYZER_NONNULL = YES;
				CLANG_ANALYZER_NUMBER_OBJECT_CONVERSION = YES_AGGRESSIVE;
				CLANG_CXX_LANGUAGE_STANDARD = "gnu++17";
				CLANG_ENABLE_MODULES = YES;
				CLANG_ENABLE_OBJC_ARC = YES;
				CLANG_ENABLE_OBJC_WEAK = YES;
				CLANG_WARN_BLOCK_CAPTURE_AUTORELEASING = YES;
				CLANG_WARN_BOOL_CONVERSION = YES;
				CLANG_WARN_COMMA = YES;
				CLANG_WARN_CONSTANT_CONVERSION = YES;
				CLANG_WARN_DEPRECATED_OBJC_IMPLEMENTATIONS = YES;
				CLANG_WARN_DIRECT_OBJC_ISA_USAGE = YES_ERROR;
				CLANG_WARN_DOCUMENTATION_COMMENTS = YES;
				CLANG_WARN_EMPTY_BODY = YES;
				CLANG_WARN_ENUM_CONVERSION = YES;
				CLANG_WARN_INFINITE_RECURSION = YES;
				CLANG_WARN_INT_CONVERSION = YES;
				CLANG_WARN_NON_LITERAL_NULL_CONVERSION = YES;
				CLANG_WARN_OBJC_IMPLICIT_RETAIN_SELF = YES;
				CLANG_WARN_OBJC_LITERAL_CONVERSION = YES;
				CLANG_WARN_OBJC_ROOT_CLASS = YES_ERROR;
				CLANG_WARN_QUOTED_INCLUDE_IN_FRAMEWORK_HEADER = YES;
				CLANG_WARN_RANGE_LOOP_ANALYSIS = YES;
				CLANG_WARN_STRICT_PROTOTYPES = YES;
				CLANG_WARN_SUSPICIOUS_MOVE = YES;
				CLANG_WARN_UNGUARDED_AVAILABILITY = YES_AGGRESSIVE;
				CLANG_WARN_UNREACHABLE_CODE = YES;
				CLANG_WARN__DUPLICATE_METHOD_MATCH = YES;
				COPY_PHASE_STRIP = NO;
				DEBUG_INFORMATION_FORMAT = dwarf;
				ENABLE_STRICT_OBJC_MSGSEND = YES;
				ENABLE_TESTABILITY = YES;
				GCC_C_LANGUAGE_STANDARD = gnu11;
				GCC_DYNAMIC_NO_PIC = NO;
				GCC_NO_COMMON_BLOCKS = YES;
				GCC_OPTIMIZATION_LEVEL = 0;
				GCC_PREPROCESSOR_DEFINITIONS = (
					"DEBUG=1",
					"$(inherited)",
				);
				GCC_WARN_64_TO_32_BIT_CONVERSION = YES;
				GCC_WARN_ABOUT_RETURN_TYPE = YES_ERROR;
				GCC_WARN_UNDECLARED_SELECTOR = YES;
				GCC_WARN_UNINITIALIZED_AUTOS = YES_AGGRESSIVE;
				GCC_WARN_UNUSED_FUNCTION = YES;
				GCC_WARN_UNUSED_VARIABLE = YES;
				MACOSX_DEPLOYMENT_TARGET = 12.1;
				MTL_ENABLE_DEBUG_INFO = INCLUDE_SOURCE;
				MTL_FAST_MATH = YES;
				ONLY_ACTIVE_ARCH = YES;
				SDKROOT = macosx;
				SWIFT_ACTIVE_COMPILATION_CONDITIONS = DEBUG;
				SWIFT_OPTIMIZATION_LEVEL = "-Onone";
			};
			name = Debug;
		};
		459537B927F37426009F6C1C /* Release */ = {
			isa = XCBuildConfiguration;
			buildSettings = {
				ALWAYS_SEARCH_USER_PATHS = NO;
				CLANG_ANALYZER_NONNULL = YES;
				CLANG_ANALYZER_NUMBER_OBJECT_CONVERSION = YES_AGGRESSIVE;
				CLANG_CXX_LANGUAGE_STANDARD = "gnu++17";
				CLANG_ENABLE_MODULES = YES;
				CLANG_ENABLE_OBJC_ARC = YES;
				CLANG_ENABLE_OBJC_WEAK = YES;
				CLANG_WARN_BLOCK_CAPTURE_AUTORELEASING = YES;
				CLANG_WARN_BOOL_CONVERSION = YES;
				CLANG_WARN_COMMA = YES;
				CLANG_WARN_CONSTANT_CONVERSION = YES;
				CLANG_WARN_DEPRECATED_OBJC_IMPLEMENTATIONS = YES;
				CLANG_WARN_DIRECT_OBJC_ISA_USAGE = YES_ERROR;
				CLANG_WARN_DOCUMENTATION_COMMENTS = YES;
				CLANG_WARN_EMPTY_BODY = YES;
				CLANG_WARN_ENUM_CONVERSION = YES;
				CLANG_WARN_INFINITE_RECURSION = YES;
				CLANG_WARN_INT_CONVERSION = YES;
				CLANG_WARN_NON_LITERAL_NULL_CONVERSION = YES;
				CLANG_WARN_OBJC_IMPLICIT_RETAIN_SELF = YES;
				CLANG_WARN_OBJC_LITERAL_CONVERSION = YES;
				CLANG_WARN_OBJC_ROOT_CLASS = YES_ERROR;
				CLANG_WARN_QUOTED_INCLUDE_IN_FRAMEWORK_HEADER = YES;
				CLANG_WARN_RANGE_LOOP_ANALYSIS = YES;
				CLANG_WARN_STRICT_PROTOTYPES = YES;
				CLANG_WARN_SUSPICIOUS_MOVE = YES;
				CLANG_WARN_UNGUARDED_AVAILABILITY = YES_AGGRESSIVE;
				CLANG_WARN_UNREACHABLE_CODE = YES;
				CLANG_WARN__DUPLICATE_METHOD_MATCH = YES;
				COPY_PHASE_STRIP = NO;
				DEBUG_INFORMATION_FORMAT = "dwarf-with-dsym";
				ENABLE_NS_ASSERTIONS = NO;
				ENABLE_STRICT_OBJC_MSGSEND = YES;
				GCC_C_LANGUAGE_STANDARD = gnu11;
				GCC_NO_COMMON_BLOCKS = YES;
				GCC_WARN_64_TO_32_BIT_CONVERSION = YES;
				GCC_WARN_ABOUT_RETURN_TYPE = YES_ERROR;
				GCC_WARN_UNDECLARED_SELECTOR = YES;
				GCC_WARN_UNINITIALIZED_AUTOS = YES_AGGRESSIVE;
				GCC_WARN_UNUSED_FUNCTION = YES;
				GCC_WARN_UNUSED_VARIABLE = YES;
				MACOSX_DEPLOYMENT_TARGET = 12.1;
				MTL_ENABLE_DEBUG_INFO = NO;
				MTL_FAST_MATH = YES;
				SDKROOT = macosx;
				SWIFT_COMPILATION_MODE = wholemodule;
				SWIFT_OPTIMIZATION_LEVEL = "-O";
			};
			name = Release;
		};
		459537BB27F37426009F6C1C /* Debug */ = {
			isa = XCBuildConfiguration;
			buildSettings = {
				CODE_SIGN_STYLE = Automatic;
				PRODUCT_NAME = "$(TARGET_NAME)";
				SWIFT_VERSION = 5.0;
			};
			name = Debug;
		};
		459537BC27F37426009F6C1C /* Release */ = {
			isa = XCBuildConfiguration;
			buildSettings = {
				CODE_SIGN_STYLE = Automatic;
				PRODUCT_NAME = "$(TARGET_NAME)";
				SWIFT_VERSION = 5.0;
			};
			name = Release;
		};
/* End XCBuildConfiguration section */

/* Begin XCConfigurationList section */
		459537AE27F37426009F6C1C /* Build configuration list for PBXProject "Project2" */ = {
			isa = XCConfigurationList;
			buildConfigurations = (
				459537B827F37426009F6C1C /* Debug */,
				459537B927F37426009F6C1C /* Release */,
			);
			defaultConfigurationIsVisible = 0;
			defaultConfigurationName = Release;
		};
		459537BA27F37426009F6C1C /* Build configuration list for PBXNativeTarget "Project2" */ = {
			isa = XCConfigurationList;
			buildConfigurations = (
				459537BB27F37426009F6C1C /* Debug */,
				459537BC27F37426009F6C1C /* Release */,
			);
			defaultConfigurationIsVisible = 0;
			defaultConfigurationName = Release;
		};
/* End XCConfigurationList section */
	};
	rootObject = 459537AB27F37426009F6C1C /* Project object */;
}
